{
  "nodes": {
    "nixpkgs": {
      "locked": {
        "lastModified": 1622820998,
        "narHash": "sha256-1wobInAwYtngN9M4ZqdcIOXWvoyvPt2vDI9TcOvQyKA=",
        "owner": "NixOS",
        "repo": "nixpkgs",
        "rev": "aa576357673d609e618d87db43210e49d4bb1789",
        "type": "github"
      },
      "original": {
        "owner": "NixOS",
        "repo": "nixpkgs",
        "rev": "aa576357673d609e618d87db43210e49d4bb1789",
        "type": "github"
      }
    },
    "root": {
      "inputs": {
        "nixpkgs": "nixpkgs"
      }
    }
  },
  "root": "root",
  "version": 7
}
